PODS:
  - UserX (2.2.0):
    - UserX/XCFramework (= 2.2.0)
  - UserX/XCFramework (2.2.0)

DEPENDENCIES:
  - UserX (from `../`)

EXTERNAL SOURCES:
  UserX:
    :path: "../"

SPEC CHECKSUMS:
  UserX: deac505abe4bdd99f23de6310ba5041e5c932e06

PODFILE CHECKSUM: 922ddbdf324bf77a6432103d6f2fbf65d3a798c3

COCOAPODS: 1.12.1
